
Microsoft Visual Studio Solution File, Format Version 12.00
# Visual Studio Version 17
VisualStudioVersion = 17.13.35806.99 d17.13
MinimumVisualStudioVersion = 10.0.40219.1
Project("{FAE04EC0-301F-11D3-BF4B-00C04F79EFBC}") = "Code.OrmFramework", "Code.OrmFramework\Code.OrmFramework.csproj", "{C5621737-611A-4EEB-AAAC-B1BAF70C7483}"
EndProject
Global
	GlobalSection(SolutionConfigurationPlatforms) = preSolution
		Debug|Any CPU = Debug|Any CPU
		Release|Any CPU = Release|Any CPU
	EndGlobalSection
	GlobalSection(ProjectConfigurationPlatforms) = postSolution
		{C5621737-611A-4EEB-AAAC-B1BAF70C7483}.Debug|Any CPU.ActiveCfg = Debug|Any CPU
		{C5621737-611A-4EEB-AAAC-B1BAF70C7483}.Debug|Any CPU.Build.0 = Debug|Any CPU
		{C5621737-611A-4EEB-AAAC-B1BAF70C7483}.Release|Any CPU.ActiveCfg = Release|Any CPU
		{C5621737-611A-4EEB-AAAC-B1BAF70C7483}.Release|Any CPU.Build.0 = Release|Any CPU
	EndGlobalSection
	GlobalSection(SolutionProperties) = preSolution
		HideSolutionNode = FALSE
	EndGlobalSection
	GlobalSection(ExtensibilityGlobals) = postSolution
		SolutionGuid = {F7AFFF57-A6F8-4B8A-8434-7E78FD3382FE}
	EndGlobalSection
EndGlobal
